
Microsoft Visual Studio Solution File, Format Version 12.00
# Visual Studio Version 17
VisualStudioVersion = 17.10.35027.167
MinimumVisualStudioVersion = 10.0.40219.1
Project("{FAE04EC0-301F-11D3-BF4B-00C04F79EFBC}") = "rocketManualv2", "rocketManualv2\rocketManualv2.csproj", "{BA8556CE-19DF-405F-8BC9-8958784D9005}"
EndProject
Global
	GlobalSection(SolutionConfigurationPlatforms) = preSolution
		Debug|Any CPU = Debug|Any CPU
		Release|Any CPU = Release|Any CPU
	EndGlobalSection
	GlobalSection(ProjectConfigurationPlatforms) = postSolution
		{BA8556CE-19DF-405F-8BC9-8958784D9005}.Debug|Any CPU.ActiveCfg = Debug|Any CPU
		{BA8556CE-19DF-405F-8BC9-8958784D9005}.Debug|Any CPU.Build.0 = Debug|Any CPU
		{BA8556CE-19DF-405F-8BC9-8958784D9005}.Release|Any CPU.ActiveCfg = Release|Any CPU
		{BA8556CE-19DF-405F-8BC9-8958784D9005}.Release|Any CPU.Build.0 = Release|Any CPU
	EndGlobalSection
	GlobalSection(SolutionProperties) = preSolution
		HideSolutionNode = FALSE
	EndGlobalSection
	GlobalSection(ExtensibilityGlobals) = postSolution
		SolutionGuid = {6DBCD9E7-114C-4D19-AFF0-79DE847972EC}
	EndGlobalSection
EndGlobal
